{
    "version": 3,
    "terraform_version": "0.11.6",
    "serial": 2,
    "lineage": "c94fc431-6435-ee60-88cf-255519705f94",
    "modules": [
        {
            "path": [
                "root"
            ],
            "outputs": {},
            "resources": {
                "docker_container.nginx": {
                    "type": "docker_container",
                    "depends_on": [
                        "docker_image.nginx"
                    ],
                    "primary": {
                        "id": "ffdb1783f651bee509b72864bea9ee1a243f3e60fe1559f39fdfa1ca37f5d7fd",
                        "attributes": {
                            "bridge": "",
                            "gateway": "172.17.0.1",
                            "id": "ffdb1783f651bee509b72864bea9ee1a243f3e60fe1559f39fdfa1ca37f5d7fd",
                            "image": "sha256:06144b2878448774e55577ae7d66b5f43a87c2e44322b3884e4e6c70d070b262",
                            "ip_address": "172.17.0.2",
                            "ip_prefix_length": "16",
                            "log_driver": "json-file",
                            "must_run": "true",
                            "name": "enginecks",
                            "ports.#": "1",
                            "ports.4028926921.external": "80",
                            "ports.4028926921.internal": "80",
                            "ports.4028926921.ip": "",
                            "ports.4028926921.protocol": "tcp",
                            "restart": "no"
                        },
                        "meta": {},
                        "tainted": false
                    },
                    "deposed": [],
                    "provider": "provider.docker"
                },
                "docker_image.nginx": {
                    "type": "docker_image",
                    "depends_on": [],
                    "primary": {
                        "id": "sha256:06144b2878448774e55577ae7d66b5f43a87c2e44322b3884e4e6c70d070b262nginx:latest",
                        "attributes": {
                            "id": "sha256:06144b2878448774e55577ae7d66b5f43a87c2e44322b3884e4e6c70d070b262nginx:latest",
                            "latest": "sha256:06144b2878448774e55577ae7d66b5f43a87c2e44322b3884e4e6c70d070b262",
                            "name": "nginx:latest"
                        },
                        "meta": {},
                        "tainted": false
                    },
                    "deposed": [],
                    "provider": "provider.docker"
                }
            },
            "depends_on": []
        }
    ]
}
